
Microsoft Visual Studio Solution File, Format Version 12.00
# Visual Studio Version 17
VisualStudioVersion = 17.2.32516.85
MinimumVisualStudioVersion = 10.0.40219.1
Project("{FAE04EC0-301F-11D3-BF4B-00C04F79EFBC}") = "Redis.AopCache.API", "Redis.AopCache.API\Redis.AopCache.API.csproj", "{4D71C938-9C1B-4B70-AD28-1AF15E36820F}"
EndProject
Project("{FAE04EC0-301F-11D3-BF4B-00C04F79EFBC}") = "Redis.AopCache.Core", "Redis.AopCache.Core\Redis.AopCache.Core.csproj", "{4F7D1B3B-D81B-4E73-BBDE-BC0779991C83}"
EndProject
Project("{FAE04EC0-301F-11D3-BF4B-00C04F79EFBC}") = "Redis.AopCache.Data", "Redis.AopCache.Data\Redis.AopCache.Data.csproj", "{29FA5161-2914-4B2F-B8A1-C8B277F749B2}"
EndProject
Global
	GlobalSection(SolutionConfigurationPlatforms) = preSolution
		Debug|Any CPU = Debug|Any CPU
		Release|Any CPU = Release|Any CPU
	EndGlobalSection
	GlobalSection(ProjectConfigurationPlatforms) = postSolution
		{4D71C938-9C1B-4B70-AD28-1AF15E36820F}.Debug|Any CPU.ActiveCfg = Debug|Any CPU
		{4D71C938-9C1B-4B70-AD28-1AF15E36820F}.Debug|Any CPU.Build.0 = Debug|Any CPU
		{4D71C938-9C1B-4B70-AD28-1AF15E36820F}.Release|Any CPU.ActiveCfg = Release|Any CPU
		{4D71C938-9C1B-4B70-AD28-1AF15E36820F}.Release|Any CPU.Build.0 = Release|Any CPU
		{4F7D1B3B-D81B-4E73-BBDE-BC0779991C83}.Debug|Any CPU.ActiveCfg = Debug|Any CPU
		{4F7D1B3B-D81B-4E73-BBDE-BC0779991C83}.Debug|Any CPU.Build.0 = Debug|Any CPU
		{4F7D1B3B-D81B-4E73-BBDE-BC0779991C83}.Release|Any CPU.ActiveCfg = Release|Any CPU
		{4F7D1B3B-D81B-4E73-BBDE-BC0779991C83}.Release|Any CPU.Build.0 = Release|Any CPU
		{29FA5161-2914-4B2F-B8A1-C8B277F749B2}.Debug|Any CPU.ActiveCfg = Debug|Any CPU
		{29FA5161-2914-4B2F-B8A1-C8B277F749B2}.Debug|Any CPU.Build.0 = Debug|Any CPU
		{29FA5161-2914-4B2F-B8A1-C8B277F749B2}.Release|Any CPU.ActiveCfg = Release|Any CPU
		{29FA5161-2914-4B2F-B8A1-C8B277F749B2}.Release|Any CPU.Build.0 = Release|Any CPU
	EndGlobalSection
	GlobalSection(SolutionProperties) = preSolution
		HideSolutionNode = FALSE
	EndGlobalSection
	GlobalSection(ExtensibilityGlobals) = postSolution
		SolutionGuid = {0157AC45-BD44-4AF0-B38F-21D7F8DF266F}
	EndGlobalSection
EndGlobal
